
Microsoft Visual Studio Solution File, Format Version 12.00
# Visual Studio Version 18
VisualStudioVersion = 18.3.11222.16 d18.3
MinimumVisualStudioVersion = 10.0.40219.1
Project("{FAE04EC0-301F-11D3-BF4B-00C04F79EFBC}") = "SimpleCSharpConsoleApp", "01_console\SimpleCSharpConsoleApp\SimpleCSharpConsoleApp.csproj", "{49CCBF0C-14D2-46E6-9CFC-90F3E4338FF1}"
EndProject
Project("{2150E333-8FDC-42A3-9474-1A3956D46DE8}") = "Frimen", "Frimen", "{4D2DCFD1-662C-4C57-96B3-CAEF59AA5AB5}"
EndProject
Project("{FAE04EC0-301F-11D3-BF4B-00C04F79EFBC}") = "034_WebApplicationMVC", "Frimen\034_Project\034_WebApplicationMVC\034_WebApplicationMVC\034_WebApplicationMVC.csproj", "{136108E8-4E9E-41A4-882F-AEFDBCF94B3B}"
EndProject
Project("{FAE04EC0-301F-11D3-BF4B-00C04F79EFBC}") = "PartyInvites", "Frimen\034_Project\02_mvc\PartyInvites.csproj", "{977FCABF-2BE7-4D6B-9CA4-75536D67528B}"
EndProject
Project("{FAE04EC0-301F-11D3-BF4B-00C04F79EFBC}") = "SportStore_08", "Frimen\SportStore_8\SportStore_08.csproj", "{E5623784-06B2-4DE2-AFDA-9121FCC00E73}"
EndProject
Project("{FAE04EC0-301F-11D3-BF4B-00C04F79EFBC}") = "PeoplesAndCats", "Frimen\PeoplesAndCats\PeoplesAndCats.csproj", "{08F655F3-E4DD-4DF0-9197-357B64BA991D}"
EndProject
Project("{2150E333-8FDC-42A3-9474-1A3956D46DE8}") = "win", "win", "{20AD50D5-65E3-49D9-874F-AB4C9464AFC2}"
EndProject
Project("{2150E333-8FDC-42A3-9474-1A3956D46DE8}") = "mac", "mac", "{321073B6-C33D-443A-B31F-CDADCC876631}"
EndProject
Project("{FAE04EC0-301F-11D3-BF4B-00C04F79EFBC}") = "SimpleCSharpConsoleApp", "mac\01_console\SimpleCSharpConsoleApp\SimpleCSharpConsoleApp.csproj", "{526A0A0A-E1A2-73C9-A7B0-23FD3140A10B}"
EndProject
Project("{2150E333-8FDC-42A3-9474-1A3956D46DE8}") = "frimen", "frimen", "{8AA36B76-5910-47A3-8127-89B92C860FC9}"
EndProject
Project("{FAE04EC0-301F-11D3-BF4B-00C04F79EFBC}") = "034_WebApplicationMVC", "mac\Frimen\034_Project\034_WebApplicationMVC\034_WebApplicationMVC\034_WebApplicationMVC.csproj", "{3CB7E6F2-825F-FE6F-020A-7ACE9E324E1C}"
EndProject
Project("{FAE04EC0-301F-11D3-BF4B-00C04F79EFBC}") = "PeoplesAndCats", "mac\Frimen\PeoplesAndCats\PeoplesAndCats.csproj", "{3F7673E5-4DC5-66F1-1097-F396CB630F95}"
EndProject
Project("{FAE04EC0-301F-11D3-BF4B-00C04F79EFBC}") = "PeoplesAndCatsPostgre", "mac\Frimen\PeoplesAndCatsPostgre\PeoplesAndCatsPostgre.csproj", "{F07C337A-EE11-1437-23D9-99B3E9BC0AC2}"
EndProject
Project("{FAE04EC0-301F-11D3-BF4B-00C04F79EFBC}") = "SportStore_08", "mac\Frimen\SportStore_8\SportStore_08.csproj", "{9A8D3F36-0CDB-9ABD-014C-0271045D6D6A}"
EndProject
Project("{FAE04EC0-301F-11D3-BF4B-00C04F79EFBC}") = "SportStoreWebApi", "mac\Frimen\SportStoreWebApi\SportStoreWebApi.csproj", "{FD24D014-EB97-0775-842C-26D552DFC839}"
EndProject
Global
	GlobalSection(SolutionConfigurationPlatforms) = preSolution
		Debug|Any CPU = Debug|Any CPU
		Release|Any CPU = Release|Any CPU
	EndGlobalSection
	GlobalSection(ProjectConfigurationPlatforms) = postSolution
		{49CCBF0C-14D2-46E6-9CFC-90F3E4338FF1}.Debug|Any CPU.ActiveCfg = Debug|Any CPU
		{49CCBF0C-14D2-46E6-9CFC-90F3E4338FF1}.Debug|Any CPU.Build.0 = Debug|Any CPU
		{49CCBF0C-14D2-46E6-9CFC-90F3E4338FF1}.Release|Any CPU.ActiveCfg = Release|Any CPU
		{49CCBF0C-14D2-46E6-9CFC-90F3E4338FF1}.Release|Any CPU.Build.0 = Release|Any CPU
		{136108E8-4E9E-41A4-882F-AEFDBCF94B3B}.Debug|Any CPU.ActiveCfg = Debug|Any CPU
		{136108E8-4E9E-41A4-882F-AEFDBCF94B3B}.Debug|Any CPU.Build.0 = Debug|Any CPU
		{136108E8-4E9E-41A4-882F-AEFDBCF94B3B}.Release|Any CPU.ActiveCfg = Release|Any CPU
		{136108E8-4E9E-41A4-882F-AEFDBCF94B3B}.Release|Any CPU.Build.0 = Release|Any CPU
		{977FCABF-2BE7-4D6B-9CA4-75536D67528B}.Debug|Any CPU.ActiveCfg = Debug|Any CPU
		{977FCABF-2BE7-4D6B-9CA4-75536D67528B}.Debug|Any CPU.Build.0 = Debug|Any CPU
		{977FCABF-2BE7-4D6B-9CA4-75536D67528B}.Release|Any CPU.ActiveCfg = Release|Any CPU
		{977FCABF-2BE7-4D6B-9CA4-75536D67528B}.Release|Any CPU.Build.0 = Release|Any CPU
		{E5623784-06B2-4DE2-AFDA-9121FCC00E73}.Debug|Any CPU.ActiveCfg = Debug|Any CPU
		{E5623784-06B2-4DE2-AFDA-9121FCC00E73}.Debug|Any CPU.Build.0 = Debug|Any CPU
		{E5623784-06B2-4DE2-AFDA-9121FCC00E73}.Release|Any CPU.ActiveCfg = Release|Any CPU
		{E5623784-06B2-4DE2-AFDA-9121FCC00E73}.Release|Any CPU.Build.0 = Release|Any CPU
		{08F655F3-E4DD-4DF0-9197-357B64BA991D}.Debug|Any CPU.ActiveCfg = Debug|Any CPU
		{08F655F3-E4DD-4DF0-9197-357B64BA991D}.Debug|Any CPU.Build.0 = Debug|Any CPU
		{08F655F3-E4DD-4DF0-9197-357B64BA991D}.Release|Any CPU.ActiveCfg = Release|Any CPU
		{08F655F3-E4DD-4DF0-9197-357B64BA991D}.Release|Any CPU.Build.0 = Release|Any CPU
		{526A0A0A-E1A2-73C9-A7B0-23FD3140A10B}.Debug|Any CPU.ActiveCfg = Debug|Any CPU
		{526A0A0A-E1A2-73C9-A7B0-23FD3140A10B}.Debug|Any CPU.Build.0 = Debug|Any CPU
		{526A0A0A-E1A2-73C9-A7B0-23FD3140A10B}.Release|Any CPU.ActiveCfg = Release|Any CPU
		{526A0A0A-E1A2-73C9-A7B0-23FD3140A10B}.Release|Any CPU.Build.0 = Release|Any CPU
		{3CB7E6F2-825F-FE6F-020A-7ACE9E324E1C}.Debug|Any CPU.ActiveCfg = Debug|Any CPU
		{3CB7E6F2-825F-FE6F-020A-7ACE9E324E1C}.Debug|Any CPU.Build.0 = Debug|Any CPU
		{3CB7E6F2-825F-FE6F-020A-7ACE9E324E1C}.Release|Any CPU.ActiveCfg = Release|Any CPU
		{3CB7E6F2-825F-FE6F-020A-7ACE9E324E1C}.Release|Any CPU.Build.0 = Release|Any CPU
		{3F7673E5-4DC5-66F1-1097-F396CB630F95}.Debug|Any CPU.ActiveCfg = Debug|Any CPU
		{3F7673E5-4DC5-66F1-1097-F396CB630F95}.Debug|Any CPU.Build.0 = Debug|Any CPU
		{3F7673E5-4DC5-66F1-1097-F396CB630F95}.Release|Any CPU.ActiveCfg = Release|Any CPU
		{3F7673E5-4DC5-66F1-1097-F396CB630F95}.Release|Any CPU.Build.0 = Release|Any CPU
		{F07C337A-EE11-1437-23D9-99B3E9BC0AC2}.Debug|Any CPU.ActiveCfg = Debug|Any CPU
		{F07C337A-EE11-1437-23D9-99B3E9BC0AC2}.Debug|Any CPU.Build.0 = Debug|Any CPU
		{F07C337A-EE11-1437-23D9-99B3E9BC0AC2}.Release|Any CPU.ActiveCfg = Release|Any CPU
		{F07C337A-EE11-1437-23D9-99B3E9BC0AC2}.Release|Any CPU.Build.0 = Release|Any CPU
		{9A8D3F36-0CDB-9ABD-014C-0271045D6D6A}.Debug|Any CPU.ActiveCfg = Debug|Any CPU
		{9A8D3F36-0CDB-9ABD-014C-0271045D6D6A}.Debug|Any CPU.Build.0 = Debug|Any CPU
		{9A8D3F36-0CDB-9ABD-014C-0271045D6D6A}.Release|Any CPU.ActiveCfg = Release|Any CPU
		{9A8D3F36-0CDB-9ABD-014C-0271045D6D6A}.Release|Any CPU.Build.0 = Release|Any CPU
		{FD24D014-EB97-0775-842C-26D552DFC839}.Debug|Any CPU.ActiveCfg = Debug|Any CPU
		{FD24D014-EB97-0775-842C-26D552DFC839}.Debug|Any CPU.Build.0 = Debug|Any CPU
		{FD24D014-EB97-0775-842C-26D552DFC839}.Release|Any CPU.ActiveCfg = Release|Any CPU
		{FD24D014-EB97-0775-842C-26D552DFC839}.Release|Any CPU.Build.0 = Release|Any CPU
	EndGlobalSection
	GlobalSection(SolutionProperties) = preSolution
		HideSolutionNode = FALSE
	EndGlobalSection
	GlobalSection(NestedProjects) = preSolution
		{49CCBF0C-14D2-46E6-9CFC-90F3E4338FF1} = {20AD50D5-65E3-49D9-874F-AB4C9464AFC2}
		{4D2DCFD1-662C-4C57-96B3-CAEF59AA5AB5} = {20AD50D5-65E3-49D9-874F-AB4C9464AFC2}
		{136108E8-4E9E-41A4-882F-AEFDBCF94B3B} = {4D2DCFD1-662C-4C57-96B3-CAEF59AA5AB5}
		{977FCABF-2BE7-4D6B-9CA4-75536D67528B} = {4D2DCFD1-662C-4C57-96B3-CAEF59AA5AB5}
		{E5623784-06B2-4DE2-AFDA-9121FCC00E73} = {4D2DCFD1-662C-4C57-96B3-CAEF59AA5AB5}
		{08F655F3-E4DD-4DF0-9197-357B64BA991D} = {4D2DCFD1-662C-4C57-96B3-CAEF59AA5AB5}
		{526A0A0A-E1A2-73C9-A7B0-23FD3140A10B} = {321073B6-C33D-443A-B31F-CDADCC876631}
		{8AA36B76-5910-47A3-8127-89B92C860FC9} = {321073B6-C33D-443A-B31F-CDADCC876631}
		{3CB7E6F2-825F-FE6F-020A-7ACE9E324E1C} = {8AA36B76-5910-47A3-8127-89B92C860FC9}
		{3F7673E5-4DC5-66F1-1097-F396CB630F95} = {8AA36B76-5910-47A3-8127-89B92C860FC9}
		{F07C337A-EE11-1437-23D9-99B3E9BC0AC2} = {8AA36B76-5910-47A3-8127-89B92C860FC9}
		{9A8D3F36-0CDB-9ABD-014C-0271045D6D6A} = {8AA36B76-5910-47A3-8127-89B92C860FC9}
		{FD24D014-EB97-0775-842C-26D552DFC839} = {8AA36B76-5910-47A3-8127-89B92C860FC9}
	EndGlobalSection
	GlobalSection(ExtensibilityGlobals) = postSolution
		SolutionGuid = {3713C00F-1BAC-4712-A3D3-F1B360CBE093}
	EndGlobalSection
EndGlobal
